{
  "nodes": {
    "adwaita-theme": {
      "flake": false,
      "locked": {
        "lastModified": 1702658572,
        "narHash": "sha256-oQiVL/rTeeI+rE0gnnn3FgxZ7FPShm5GIk1VcYK2PdM=",
        "owner": "Mofiqul",
        "repo": "adwaita.nvim",
        "rev": "981bce791959d79cd1316e59e23906e3c05efb44",
        "type": "github"
      },
      "original": {
        "owner": "Mofiqul",
        "repo": "adwaita.nvim",
        "type": "github"
      }
    },
    "agenix": {
      "inputs": {
        "darwin": "darwin",
        "home-manager": "home-manager",
        "nixpkgs": [
          "nixpkgs"
        ],
        "systems": "systems"
      },
      "locked": {
        "lastModified": 1703433843,
        "narHash": "sha256-nmtA4KqFboWxxoOAA6Y1okHbZh+HsXaMPFkYHsoDRDw=",
        "owner": "ryantm",
        "repo": "agenix",
        "rev": "417caa847f9383e111d1397039c9d4337d024bf0",
        "type": "github"
      },
      "original": {
        "owner": "ryantm",
        "repo": "agenix",
        "type": "github"
      }
    },
    "caret-theme": {
      "flake": false,
      "locked": {
        "lastModified": 1695010954,
        "narHash": "sha256-2HQ6VM9fYRM+eF2iKX2ZP3a0XS3n9A6o6nkNNpmxGkw=",
        "owner": "projekt0n",
        "repo": "caret.nvim",
        "rev": "405cbbbe674126bd216f62d77313e182a47c623f",
        "type": "github"
      },
      "original": {
        "owner": "projekt0n",
        "repo": "caret.nvim",
        "type": "github"
      }
    },
    "citruszest-theme": {
      "flake": false,
      "locked": {
        "lastModified": 1704726727,
        "narHash": "sha256-rjbYKaV0TILbygUl8QshfNsxQADMyPBaoapL+dvv04I=",
        "owner": "zootedb0t",
        "repo": "citruszest.nvim",
        "rev": "17b1fe8cf7cf69fe5017176b4a3edbd4ec9eaa0c",
        "type": "github"
      },
      "original": {
        "owner": "zootedb0t",
        "repo": "citruszest.nvim",
        "type": "github"
      }
    },
    "darwin": {
      "inputs": {
        "nixpkgs": [
          "agenix",
          "nixpkgs"
        ]
      },
      "locked": {
        "lastModified": 1700795494,
        "narHash": "sha256-gzGLZSiOhf155FW7262kdHo2YDeugp3VuIFb4/GGng0=",
        "owner": "lnl7",
        "repo": "nix-darwin",
        "rev": "4b9b83d5a92e8c1fbfd8eb27eda375908c11ec4d",
        "type": "github"
      },
      "original": {
        "owner": "lnl7",
        "ref": "master",
        "repo": "nix-darwin",
        "type": "github"
      }
    },
    "devenv": {
      "inputs": {
        "flake-compat": "flake-compat",
        "nix": "nix",
        "nixpkgs": "nixpkgs",
        "pre-commit-hooks": "pre-commit-hooks"
      },
      "locked": {
        "lastModified": 1706018268,
        "narHash": "sha256-d24+re0t8b6HYGzAPZCIJed85n23RUFXQa2yuHoW0uQ=",
        "owner": "cachix",
        "repo": "devenv",
        "rev": "ad0ae333b210e31237e1fc4a7ddab71a01785add",
        "type": "github"
      },
      "original": {
        "owner": "cachix",
        "repo": "devenv",
        "type": "github"
      }
    },
    "efmls-configs": {
      "flake": false,
      "locked": {
        "lastModified": 1704472430,
        "narHash": "sha256-ofvbzB3xrxpz0vq0kMKW0LlN9aXlIkvdbzxeuT3u34c=",
        "owner": "creativenull",
        "repo": "efmls-configs-nvim",
        "rev": "05de7abe493168ed4a0b039fc9fbbabf45bf0d00",
        "type": "github"
      },
      "original": {
        "owner": "creativenull",
        "repo": "efmls-configs-nvim",
        "type": "github"
      }
    },
    "flake-compat": {
      "flake": false,
      "locked": {
        "lastModified": 1673956053,
        "narHash": "sha256-4gtG9iQuiKITOjNQQeQIpoIB6b16fm+504Ch3sNKLd8=",
        "owner": "edolstra",
        "repo": "flake-compat",
        "rev": "35bb57c0c8d8b62bbfd284272c928ceb64ddbde9",
        "type": "github"
      },
      "original": {
        "owner": "edolstra",
        "repo": "flake-compat",
        "type": "github"
      }
    },
    "flake-parts": {
      "inputs": {
        "nixpkgs-lib": "nixpkgs-lib"
      },
      "locked": {
        "lastModified": 1704982712,
        "narHash": "sha256-2Ptt+9h8dczgle2Oo6z5ni5rt/uLMG47UFTR1ry/wgg=",
        "owner": "hercules-ci",
        "repo": "flake-parts",
        "rev": "07f6395285469419cf9d078f59b5b49993198c00",
        "type": "github"
      },
      "original": {
        "owner": "hercules-ci",
        "repo": "flake-parts",
        "type": "github"
      }
    },
    "flake-parts_2": {
      "inputs": {
        "nixpkgs-lib": "nixpkgs-lib_2"
      },
      "locked": {
        "lastModified": 1704152458,
        "narHash": "sha256-DS+dGw7SKygIWf9w4eNBUZsK+4Ug27NwEWmn2tnbycg=",
        "owner": "hercules-ci",
        "repo": "flake-parts",
        "rev": "88a2cd8166694ba0b6cb374700799cec53aef527",
        "type": "github"
      },
      "original": {
        "owner": "hercules-ci",
        "repo": "flake-parts",
        "type": "github"
      }
    },
    "flake-utils": {
      "inputs": {
        "systems": "systems_2"
      },
      "locked": {
        "lastModified": 1685518550,
        "narHash": "sha256-o2d0KcvaXzTrPRIo0kOLV0/QXHhDQ5DTi+OxcjO8xqY=",
        "owner": "numtide",
        "repo": "flake-utils",
        "rev": "a1720a10a6cfe8234c0e93907ffe81be440f4cef",
        "type": "github"
      },
      "original": {
        "owner": "numtide",
        "repo": "flake-utils",
        "type": "github"
      }
    },
    "gitignore": {
      "inputs": {
        "nixpkgs": [
          "devenv",
          "pre-commit-hooks",
          "nixpkgs"
        ]
      },
      "locked": {
        "lastModified": 1660459072,
        "narHash": "sha256-8DFJjXG8zqoONA1vXtgeKXy68KdJL5UaXR8NtVMUbx8=",
        "owner": "hercules-ci",
        "repo": "gitignore.nix",
        "rev": "a20de23b925fd8264fd7fad6454652e142fd7f73",
        "type": "github"
      },
      "original": {
        "owner": "hercules-ci",
        "repo": "gitignore.nix",
        "type": "github"
      }
    },
    "home-manager": {
      "inputs": {
        "nixpkgs": [
          "agenix",
          "nixpkgs"
        ]
      },
      "locked": {
        "lastModified": 1703113217,
        "narHash": "sha256-7ulcXOk63TIT2lVDSExj7XzFx09LpdSAPtvgtM7yQPE=",
        "owner": "nix-community",
        "repo": "home-manager",
        "rev": "3bfaacf46133c037bb356193bd2f1765d9dc82c1",
        "type": "github"
      },
      "original": {
        "owner": "nix-community",
        "repo": "home-manager",
        "type": "github"
      }
    },
    "home-manager_2": {
      "inputs": {
        "nixpkgs": [
          "nixpkgs"
        ]
      },
      "locked": {
        "lastModified": 1706080884,
        "narHash": "sha256-qhxisCrSraN5YWVb0lNCFH8ovqnCw5W9ldac4Dzr0Nw=",
        "owner": "nix-community",
        "repo": "home-manager",
        "rev": "6b28ab2d798c1c84e24053d95f4ee1dd9d81e2fb",
        "type": "github"
      },
      "original": {
        "owner": "nix-community",
        "repo": "home-manager",
        "type": "github"
      }
    },
    "lowdown-src": {
      "flake": false,
      "locked": {
        "lastModified": 1633514407,
        "narHash": "sha256-Dw32tiMjdK9t3ETl5fzGrutQTzh2rufgZV4A/BbxuD4=",
        "owner": "kristapsdz",
        "repo": "lowdown",
        "rev": "d2c2b44ff6c27b936ec27358a2653caaef8f73b8",
        "type": "github"
      },
      "original": {
        "owner": "kristapsdz",
        "repo": "lowdown",
        "type": "github"
      }
    },
    "melange-theme": {
      "flake": false,
      "locked": {
        "lastModified": 1698069480,
        "narHash": "sha256-JBPuOODMw/XZsiP6aLrDy8Wj7wp9E2SaM1mW7iZhlIA=",
        "owner": "savq",
        "repo": "melange-nvim",
        "rev": "ca3444c8e5002ee5ab6f077660317f869c7b6a36",
        "type": "github"
      },
      "original": {
        "owner": "savq",
        "repo": "melange-nvim",
        "type": "github"
      }
    },
    "my-nvim": {
      "inputs": {
        "adwaita-theme": "adwaita-theme",
        "caret-theme": "caret-theme",
        "citruszest-theme": "citruszest-theme",
        "efmls-configs": "efmls-configs",
        "flake-parts": "flake-parts_2",
        "melange-theme": "melange-theme",
        "nixpkgs": [
          "nixpkgs"
        ],
        "sonokai-theme": "sonokai-theme"
      },
      "locked": {
        "lastModified": 1704813307,
        "narHash": "sha256-9vQcF3nNX2G08zeWBXsiSR3VsF4V/Q6hL3TixRRdT8s=",
        "owner": "bitterlox",
        "repo": "nvim-config-flake",
        "rev": "86a4e261b625a0ec39e606db0f08774b71f69ed8",
        "type": "github"
      },
      "original": {
        "owner": "bitterlox",
        "repo": "nvim-config-flake",
        "type": "github"
      }
    },
    "nix": {
      "inputs": {
        "lowdown-src": "lowdown-src",
        "nixpkgs": [
          "devenv",
          "nixpkgs"
        ],
        "nixpkgs-regression": "nixpkgs-regression"
      },
      "locked": {
        "lastModified": 1676545802,
        "narHash": "sha256-EK4rZ+Hd5hsvXnzSzk2ikhStJnD63odF7SzsQ8CuSPU=",
        "owner": "domenkozar",
        "repo": "nix",
        "rev": "7c91803598ffbcfe4a55c44ac6d49b2cf07a527f",
        "type": "github"
      },
      "original": {
        "owner": "domenkozar",
        "ref": "relaxed-flakes",
        "repo": "nix",
        "type": "github"
      }
    },
    "nixpkgs": {
      "locked": {
        "lastModified": 1678875422,
        "narHash": "sha256-T3o6NcQPwXjxJMn2shz86Chch4ljXgZn746c2caGxd8=",
        "owner": "NixOS",
        "repo": "nixpkgs",
        "rev": "126f49a01de5b7e35a43fd43f891ecf6d3a51459",
        "type": "github"
      },
      "original": {
        "owner": "NixOS",
        "ref": "nixpkgs-unstable",
        "repo": "nixpkgs",
        "type": "github"
      }
    },
    "nixpkgs-lib": {
      "locked": {
        "dir": "lib",
        "lastModified": 1703961334,
        "narHash": "sha256-M1mV/Cq+pgjk0rt6VxoyyD+O8cOUiai8t9Q6Yyq4noY=",
        "owner": "NixOS",
        "repo": "nixpkgs",
        "rev": "b0d36bd0a420ecee3bc916c91886caca87c894e9",
        "type": "github"
      },
      "original": {
        "dir": "lib",
        "owner": "NixOS",
        "ref": "nixos-unstable",
        "repo": "nixpkgs",
        "type": "github"
      }
    },
    "nixpkgs-lib_2": {
      "locked": {
        "dir": "lib",
        "lastModified": 1703961334,
        "narHash": "sha256-M1mV/Cq+pgjk0rt6VxoyyD+O8cOUiai8t9Q6Yyq4noY=",
        "owner": "NixOS",
        "repo": "nixpkgs",
        "rev": "b0d36bd0a420ecee3bc916c91886caca87c894e9",
        "type": "github"
      },
      "original": {
        "dir": "lib",
        "owner": "NixOS",
        "ref": "nixos-unstable",
        "repo": "nixpkgs",
        "type": "github"
      }
    },
    "nixpkgs-regression": {
      "locked": {
        "lastModified": 1643052045,
        "narHash": "sha256-uGJ0VXIhWKGXxkeNnq4TvV3CIOkUJ3PAoLZ3HMzNVMw=",
        "owner": "NixOS",
        "repo": "nixpkgs",
        "rev": "215d4d0fd80ca5163643b03a33fde804a29cc1e2",
        "type": "github"
      },
      "original": {
        "owner": "NixOS",
        "repo": "nixpkgs",
        "rev": "215d4d0fd80ca5163643b03a33fde804a29cc1e2",
        "type": "github"
      }
    },
    "nixpkgs-stable": {
      "locked": {
        "lastModified": 1685801374,
        "narHash": "sha256-otaSUoFEMM+LjBI1XL/xGB5ao6IwnZOXc47qhIgJe8U=",
        "owner": "NixOS",
        "repo": "nixpkgs",
        "rev": "c37ca420157f4abc31e26f436c1145f8951ff373",
        "type": "github"
      },
      "original": {
        "owner": "NixOS",
        "ref": "nixos-23.05",
        "repo": "nixpkgs",
        "type": "github"
      }
    },
    "nixpkgs_2": {
      "locked": {
        "lastModified": 1705856552,
        "narHash": "sha256-JXfnuEf5Yd6bhMs/uvM67/joxYKoysyE3M2k6T3eWbg=",
        "owner": "NixOS",
        "repo": "nixpkgs",
        "rev": "612f97239e2cc474c13c9dafa0df378058c5ad8d",
        "type": "github"
      },
      "original": {
        "owner": "NixOS",
        "ref": "nixos-unstable",
        "repo": "nixpkgs",
        "type": "github"
      }
    },
    "pre-commit-hooks": {
      "inputs": {
        "flake-compat": [
          "devenv",
          "flake-compat"
        ],
        "flake-utils": "flake-utils",
        "gitignore": "gitignore",
        "nixpkgs": [
          "devenv",
          "nixpkgs"
        ],
        "nixpkgs-stable": "nixpkgs-stable"
      },
      "locked": {
        "lastModified": 1704725188,
        "narHash": "sha256-qq8NbkhRZF1vVYQFt1s8Mbgo8knj+83+QlL5LBnYGpI=",
        "owner": "cachix",
        "repo": "pre-commit-hooks.nix",
        "rev": "ea96f0c05924341c551a797aaba8126334c505d2",
        "type": "github"
      },
      "original": {
        "owner": "cachix",
        "repo": "pre-commit-hooks.nix",
        "type": "github"
      }
    },
    "root": {
      "inputs": {
        "agenix": "agenix",
        "devenv": "devenv",
        "flake-parts": "flake-parts",
        "home-manager": "home-manager_2",
        "my-nvim": "my-nvim",
        "nixpkgs": "nixpkgs_2",
        "secrets-flake": "secrets-flake"
      }
    },
    "secrets-flake": {
      "locked": {
        "lastModified": 1707844663,
        "narHash": "sha256-Gcf1VW1xMPA5BKXOXzB0epOq7jo+x3qeWp/ZTZJtDtY=",
        "ref": "refs/heads/main",
        "rev": "5682eb2c09f68310197abd5e73f8d4588787b421",
        "revCount": 17,
        "type": "git",
        "url": "ssh://git.bittervoid.io:23231/secrets-flake"
      },
      "original": {
        "type": "git",
        "url": "ssh://git.bittervoid.io:23231/secrets-flake"
      }
    },
    "sonokai-theme": {
      "flake": false,
      "locked": {
        "lastModified": 1698164195,
        "narHash": "sha256-L/aPZ2CiJARxzlBoFTQ2gRWtDaSlPN7B2w8zNtLYeSU=",
        "owner": "sainnhe",
        "repo": "sonokai",
        "rev": "bdce098fc9e7202d3c555e2dc98c755ca1c23835",
        "type": "github"
      },
      "original": {
        "owner": "sainnhe",
        "repo": "sonokai",
        "type": "github"
      }
    },
    "systems": {
      "locked": {
        "lastModified": 1681028828,
        "narHash": "sha256-Vy1rq5AaRuLzOxct8nz4T6wlgyUR7zLU309k9mBC768=",
        "owner": "nix-systems",
        "repo": "default",
        "rev": "da67096a3b9bf56a91d16901293e51ba5b49a27e",
        "type": "github"
      },
      "original": {
        "owner": "nix-systems",
        "repo": "default",
        "type": "github"
      }
    },
    "systems_2": {
      "locked": {
        "lastModified": 1681028828,
        "narHash": "sha256-Vy1rq5AaRuLzOxct8nz4T6wlgyUR7zLU309k9mBC768=",
        "owner": "nix-systems",
        "repo": "default",
        "rev": "da67096a3b9bf56a91d16901293e51ba5b49a27e",
        "type": "github"
      },
      "original": {
        "owner": "nix-systems",
        "repo": "default",
        "type": "github"
      }
    }
  },
  "root": "root",
  "version": 7
}
